
Microsoft Visual Studio Solution File, Format Version 12.00
# Visual Studio 15
VisualStudioVersion = 15.0.26403.7
MinimumVisualStudioVersion = 10.0.40219.1
Project("{2150E333-8FDC-42A3-9474-1A3956D46DE8}") = "Solution", "Solution", "{793D8AC6-99DD-4509-91F2-B21EA68CDC72}"
	ProjectSection(SolutionItems) = preProject
		.gitignore = .gitignore
		LICENSE = LICENSE
		README.md = README.md
		appveyor.yml = appveyor.yml
		appveyor.ps1 = appveyor.ps1
	EndProjectSection
EndProject
Project("{9A19103F-16F7-4668-BE54-9A1E7A4F7556}") = "Amplified.CSharp", "Amplified.CSharp\Amplified.CSharp.csproj", "{7CB9E50E-6497-4D46-B175-F57106200483}"
EndProject
Project("{9A19103F-16F7-4668-BE54-9A1E7A4F7556}") = "Amplified.CSharp.Tests", "Amplified.CSharp.Tests\Amplified.CSharp.Tests.csproj", "{AFB3BADB-E2E1-4219-BE2D-C7B8B72F1766}"
EndProject
Global
	GlobalSection(SolutionConfigurationPlatforms) = preSolution
		Debug|Any CPU = Debug|Any CPU
		Release|Any CPU = Release|Any CPU
	EndGlobalSection
	GlobalSection(ProjectConfigurationPlatforms) = postSolution
		{7CB9E50E-6497-4D46-B175-F57106200483}.Debug|Any CPU.ActiveCfg = Debug|Any CPU
		{7CB9E50E-6497-4D46-B175-F57106200483}.Debug|Any CPU.Build.0 = Debug|Any CPU
		{7CB9E50E-6497-4D46-B175-F57106200483}.Release|Any CPU.ActiveCfg = Release|Any CPU
		{7CB9E50E-6497-4D46-B175-F57106200483}.Release|Any CPU.Build.0 = Release|Any CPU
		{AFB3BADB-E2E1-4219-BE2D-C7B8B72F1766}.Debug|Any CPU.ActiveCfg = Debug|Any CPU
		{AFB3BADB-E2E1-4219-BE2D-C7B8B72F1766}.Debug|Any CPU.Build.0 = Debug|Any CPU
		{AFB3BADB-E2E1-4219-BE2D-C7B8B72F1766}.Release|Any CPU.ActiveCfg = Release|Any CPU
		{AFB3BADB-E2E1-4219-BE2D-C7B8B72F1766}.Release|Any CPU.Build.0 = Release|Any CPU
	EndGlobalSection
	GlobalSection(SolutionProperties) = preSolution
		HideSolutionNode = FALSE
	EndGlobalSection
EndGlobal
